// !$*UTF8*$!
{
	archiveVersion = 1;
	classes = {
	};
	objectVersion = 50;
	objects = {

/* Begin PBXBuildFile section */
		D51D6EDC238CB26800C3AD86 /* AppDelegate.swift in Sources */ = {isa = PBXBuildFile; fileRef = D51D6EDB238CB26800C3AD86 /* AppDelegate.swift */; };
		D51D6EDE238CB26800C3AD86 /* SceneDelegate.swift in Sources */ = {isa = PBXBuildFile; fileRef = D51D6EDD238CB26800C3AD86 /* SceneDelegate.swift */; };
		D51D6EE0238CB26800C3AD86 /* ViewController.swift in Sources */ = {isa = PBXBuildFile; fileRef = D51D6EDF238CB26800C3AD86 /* ViewController.swift */; };
		D51D6EE3238CB26800C3AD86 /* Main.storyboard in Resources */ = {isa = PBXBuildFile; fileRef = D51D6EE1238CB26800C3AD86 /* Main.storyboard */; };
		D51D6EE5238CB26A00C3AD86 /* Assets.xcassets in Resources */ = {isa = PBXBuildFile; fileRef = D51D6EE4238CB26A00C3AD86 /* Assets.xcassets */; };
		D51D6EE8238CB26A00C3AD86 /* LaunchScreen.storyboard in Resources */ = {isa = PBXBuildFile; fileRef = D51D6EE6238CB26A00C3AD86 /* LaunchScreen.storyboard */; };
/* End PBXBuildFile section */

/* Begin PBXFileReference section */
		D51D6ED8238CB26800C3AD86 /* I Am Dolphin.app */ = {isa = PBXFileReference; explicitFileType = wrapper.application; includeInIndex = 0; path = "I Am Dolphin.app"; sourceTree = BUILT_PRODUCTS_DIR; };
		D51D6EDB238CB26800C3AD86 /* AppDelegate.swift */ = {isa = PBXFileReference; lastKnownFileType = sourcecode.swift; path = AppDelegate.swift; sourceTree = "<group>"; };
		D51D6EDD238CB26800C3AD86 /* SceneDelegate.swift */ = {isa = PBXFileReference; lastKnownFileType = sourcecode.swift; path = SceneDelegate.swift; sourceTree = "<group>"; };
		D51D6EDF238CB26800C3AD86 /* ViewController.swift */ = {isa = PBXFileReference; lastKnownFileType = sourcecode.swift; path = ViewController.swift; sourceTree = "<group>"; };
		D51D6EE2238CB26800C3AD86 /* Base */ = {isa = PBXFileReference; lastKnownFileType = file.storyboard; name = Base; path = Base.lproj/Main.storyboard; sourceTree = "<group>"; };
		D51D6EE4238CB26A00C3AD86 /* Assets.xcassets */ = {isa = PBXFileReference; lastKnownFileType = folder.assetcatalog; path = Assets.xcassets; sourceTree = "<group>"; };
		D51D6EE7238CB26A00C3AD86 /* Base */ = {isa = PBXFileReference; lastKnownFileType = file.storyboard; name = Base; path = Base.lproj/LaunchScreen.storyboard; sourceTree = "<group>"; };
		D51D6EE9238CB26A00C3AD86 /* Info.plist */ = {isa = PBXFileReference; lastKnownFileType = text.plist.xml; path = Info.plist; sourceTree = "<group>"; };
/* End PBXFileReference section */

/* Begin PBXFrameworksBuildPhase section */
		D51D6ED5238CB26800C3AD86 /* Frameworks */ = {
			isa = PBXFrameworksBuildPhase;
			buildActionMask = 2147483647;
			files = (
			);
			runOnlyForDeploymentPostprocessing = 0;
		};
/* End PBXFrameworksBuildPhase section */

/* Begin PBXGroup section */
		D51D6ECF238CB26800C3AD86 = {
			isa = PBXGroup;
			children = (
				D51D6EDA238CB26800C3AD86 /* I Am Dolphin */,
				D51D6ED9238CB26800C3AD86 /* Products */,
			);
			sourceTree = "<group>";
		};
		D51D6ED9238CB26800C3AD86 /* Products */ = {
			isa = PBXGroup;
			children = (
				D51D6ED8238CB26800C3AD86 /* I Am Dolphin.app */,
			);
			name = Products;
			sourceTree = "<group>";
		};
		D51D6EDA238CB26800C3AD86 /* I Am Dolphin */ = {
			isa = PBXGroup;
			children = (
				D51D6EDB238CB26800C3AD86 /* AppDelegate.swift */,
				D51D6EDD238CB26800C3AD86 /* SceneDelegate.swift */,
				D51D6EDF238CB26800C3AD86 /* ViewController.swift */,
				D51D6EE1238CB26800C3AD86 /* Main.storyboard */,
				D51D6EE4238CB26A00C3AD86 /* Assets.xcassets */,
				D51D6EE6238CB26A00C3AD86 /* LaunchScreen.storyboard */,
				D51D6EE9238CB26A00C3AD86 /* Info.plist */,
			);
			path = "I Am Dolphin";
			sourceTree = "<group>";
		};
/* End PBXGroup section */

/* Begin PBXNativeTarget section */
		D51D6ED7238CB26800C3AD86 /* I Am Dolphin */ = {
			isa = PBXNativeTarget;
			buildConfigurationList = D51D6EEC238CB26A00C3AD86 /* Build configuration list for PBXNativeTarget "I Am Dolphin" */;
			buildPhases = (
				D51D6ED4238CB26800C3AD86 /* Sources */,
				D51D6ED5238CB26800C3AD86 /* Frameworks */,
				D51D6ED6238CB26800C3AD86 /* Resources */,
			);
			buildRules = (
			);
			dependencies = (
			);
			name = "I Am Dolphin";
			productName = "I Am Dolphin";
			productReference = D51D6ED8238CB26800C3AD86 /* I Am Dolphin.app */;
			productType = "com.apple.product-type.application";
		};
/* End PBXNativeTarget section */

/* Begin PBXProject section */
		D51D6ED0238CB26800C3AD86 /* Project object */ = {
			isa = PBXProject;
			attributes = {
				LastSwiftUpdateCheck = 1120;
				LastUpgradeCheck = 1120;
				ORGANIZATIONNAME = Thyme;
				TargetAttributes = {
					D51D6ED7238CB26800C3AD86 = {
						CreatedOnToolsVersion = 11.2.1;
					};
				};
			};
			buildConfigurationList = D51D6ED3238CB26800C3AD86 /* Build configuration list for PBXProject "I Am Dolphin" */;
			compatibilityVersion = "Xcode 9.3";
			developmentRegion = en;
			hasScannedForEncodings = 0;
			knownRegions = (
				en,
				Base,
			);
			mainGroup = D51D6ECF238CB26800C3AD86;
			productRefGroup = D51D6ED9238CB26800C3AD86 /* Products */;
			projectDirPath = "";
			projectRoot = "";
			targets = (
				D51D6ED7238CB26800C3AD86 /* I Am Dolphin */,
			);
		};
/* End PBXProject section */

/* Begin PBXResourcesBuildPhase section */
		D51D6ED6238CB26800C3AD86 /* Resources */ = {
			isa = PBXResourcesBuildPhase;
			buildActionMask = 2147483647;
			files = (
				D51D6EE8238CB26A00C3AD86 /* LaunchScreen.storyboard in Resources */,
				D51D6EE5238CB26A00C3AD86 /* Assets.xcassets in Resources */,
				D51D6EE3238CB26800C3AD86 /* Main.storyboard in Resources */,
			);
			runOnlyForDeploymentPostprocessing = 0;
		};
/* End PBXResourcesBuildPhase section */

/* Begin PBXSourcesBuildPhase section */
		D51D6ED4238CB26800C3AD86 /* Sources */ = {
			isa = PBXSourcesBuildPhase;
			buildActionMask = 2147483647;
			files = (
				D51D6EE0238CB26800C3AD86 /* ViewController.swift in Sources */,
				D51D6EDC238CB26800C3AD86 /* AppDelegate.swift in Sources */,
				D51D6EDE238CB26800C3AD86 /* SceneDelegate.swift in Sources */,
			);
			runOnlyForDeploymentPostprocessing = 0;
		};
/* End PBXSourcesBuildPhase section */

/* Begin PBXVariantGroup section */
		D51D6EE1238CB26800C3AD86 /* Main.storyboard */ = {
			isa = PBXVariantGroup;
			children = (
				D51D6EE2238CB26800C3AD86 /* Base */,
			);
			name = Main.storyboard;
			sourceTree = "<group>";
		};
		D51D6EE6238CB26A00C3AD86 /* LaunchScreen.storyboard */ = {
			isa = PBXVariantGroup;
			children = (
				D51D6EE7238CB26A00C3AD86 /* Base */,
			);
			name = LaunchScreen.storyboard;
			sourceTree = "<group>";
		};
/* End PBXVariantGroup section */

/* Begin XCBuildConfiguration section */
		D51D6EEA238CB26A00C3AD86 /* Debug */ = {
			isa = XCBuildConfiguration;
			buildSettings = {
				ALWAYS_SEARCH_USER_PATHS = NO;
				CLANG_ANALYZER_NONNULL = YES;
				CLANG_ANALYZER_NUMBER_OBJECT_CONVERSION = YES_AGGRESSIVE;
				CLANG_CXX_LANGUAGE_STANDARD = "gnu++14";
				CLANG_CXX_LIBRARY = "libc++";
				CLANG_ENABLE_MODULES = YES;
				CLANG_ENABLE_OBJC_ARC = YES;
				CLANG_ENABLE_OBJC_WEAK = YES;
				CLANG_WARN_BLOCK_CAPTURE_AUTORELEASING = YES;
				CLANG_WARN_BOOL_CONVERSION = YES;
				CLANG_WARN_COMMA = YES;
				CLANG_WARN_CONSTANT_CONVERSION = YES;
				CLANG_WARN_DEPRECATED_OBJC_IMPLEMENTATIONS = YES;
				CLANG_WARN_DIRECT_OBJC_ISA_USAGE = YES_ERROR;
				CLANG_WARN_DOCUMENTATION_COMMENTS = YES;
				CLANG_WARN_EMPTY_BODY = YES;
				CLANG_WARN_ENUM_CONVERSION = YES;
				CLANG_WARN_INFINITE_RECURSION = YES;
				CLANG_WARN_INT_CONVERSION = YES;
				CLANG_WARN_NON_LITERAL_NULL_CONVERSION = YES;
				CLANG_WARN_OBJC_IMPLICIT_RETAIN_SELF = YES;
				CLANG_WARN_OBJC_LITERAL_CONVERSION = YES;
				CLANG_WARN_OBJC_ROOT_CLASS = YES_ERROR;
				CLANG_WARN_RANGE_LOOP_ANALYSIS = YES;
				CLANG_WARN_STRICT_PROTOTYPES = YES;
				CLANG_WARN_SUSPICIOUS_MOVE = YES;
				CLANG_WARN_UNGUARDED_AVAILABILITY = YES_AGGRESSIVE;
				CLANG_WARN_UNREACHABLE_CODE = YES;
				CLANG_WARN__DUPLICATE_METHOD_MATCH = YES;
				COPY_PHASE_STRIP = NO;
				DEBUG_INFORMATION_FORMAT = dwarf;
				ENABLE_STRICT_OBJC_MSGSEND = YES;
				ENABLE_TESTABILITY = YES;
				GCC_C_LANGUAGE_STANDARD = gnu11;
				GCC_DYNAMIC_NO_PIC = NO;
				GCC_NO_COMMON_BLOCKS = YES;
				GCC_OPTIMIZATION_LEVEL = 0;
				GCC_PREPROCESSOR_DEFINITIONS = (
					"DEBUG=1",
					"$(inherited)",
				);
				GCC_WARN_64_TO_32_BIT_CONVERSION = YES;
				GCC_WARN_ABOUT_RETURN_TYPE = YES_ERROR;
				GCC_WARN_UNDECLARED_SELECTOR = YES;
				GCC_WARN_UNINITIALIZED_AUTOS = YES_AGGRESSIVE;
				GCC_WARN_UNUSED_FUNCTION = YES;
				GCC_WARN_UNUSED_VARIABLE = YES;
				IPHONEOS_DEPLOYMENT_TARGET = 13.2;
				MTL_ENABLE_DEBUG_INFO = INCLUDE_SOURCE;
				MTL_FAST_MATH = YES;
				ONLY_ACTIVE_ARCH = YES;
				SDKROOT = iphoneos;
				SWIFT_ACTIVE_COMPILATION_CONDITIONS = DEBUG;
				SWIFT_OPTIMIZATION_LEVEL = "-Onone";
			};
			name = Debug;
		};
		D51D6EEB238CB26A00C3AD86 /* Release */ = {
			isa = XCBuildConfiguration;
			buildSettings = {
				ALWAYS_SEARCH_USER_PATHS = NO;
				CLANG_ANALYZER_NONNULL = YES;
				CLANG_ANALYZER_NUMBER_OBJECT_CONVERSION = YES_AGGRESSIVE;
				CLANG_CXX_LANGUAGE_STANDARD = "gnu++14";
				CLANG_CXX_LIBRARY = "libc++";
				CLANG_ENABLE_MODULES = YES;
				CLANG_ENABLE_OBJC_ARC = YES;
				CLANG_ENABLE_OBJC_WEAK = YES;
				CLANG_WARN_BLOCK_CAPTURE_AUTORELEASING = YES;
				CLANG_WARN_BOOL_CONVERSION = YES;
				CLANG_WARN_COMMA = YES;
				CLANG_WARN_CONSTANT_CONVERSION = YES;
				CLANG_WARN_DEPRECATED_OBJC_IMPLEMENTATIONS = YES;
				CLANG_WARN_DIRECT_OBJC_ISA_USAGE = YES_ERROR;
				CLANG_WARN_DOCUMENTATION_COMMENTS = YES;
				CLANG_WARN_EMPTY_BODY = YES;
				CLANG_WARN_ENUM_CONVERSION = YES;
				CLANG_WARN_INFINITE_RECURSION = YES;
				CLANG_WARN_INT_CONVERSION = YES;
				CLANG_WARN_NON_LITERAL_NULL_CONVERSION = YES;
				CLANG_WARN_OBJC_IMPLICIT_RETAIN_SELF = YES;
				CLANG_WARN_OBJC_LITERAL_CONVERSION = YES;
				CLANG_WARN_OBJC_ROOT_CLASS = YES_ERROR;
				CLANG_WARN_RANGE_LOOP_ANALYSIS = YES;
				CLANG_WARN_STRICT_PROTOTYPES = YES;
				CLANG_WARN_SUSPICIOUS_MOVE = YES;
				CLANG_WARN_UNGUARDED_AVAILABILITY = YES_AGGRESSIVE;
				CLANG_WARN_UNREACHABLE_CODE = YES;
				CLANG_WARN__DUPLICATE_METHOD_MATCH = YES;
				COPY_PHASE_STRIP = NO;
				DEBUG_INFORMATION_FORMAT = "dwarf-with-dsym";
				ENABLE_NS_ASSERTIONS = NO;
				ENABLE_STRICT_OBJC_MSGSEND = YES;
				GCC_C_LANGUAGE_STANDARD = gnu11;
				GCC_NO_COMMON_BLOCKS = YES;
				GCC_WARN_64_TO_32_BIT_CONVERSION = YES;
				GCC_WARN_ABOUT_RETURN_TYPE = YES_ERROR;
				GCC_WARN_UNDECLARED_SELECTOR = YES;
				GCC_WARN_UNINITIALIZED_AUTOS = YES_AGGRESSIVE;
				GCC_WARN_UNUSED_FUNCTION = YES;
				GCC_WARN_UNUSED_VARIABLE = YES;
				IPHONEOS_DEPLOYMENT_TARGET = 13.2;
				MTL_ENABLE_DEBUG_INFO = NO;
				MTL_FAST_MATH = YES;
				SDKROOT = iphoneos;
				SWIFT_COMPILATION_MODE = wholemodule;
				SWIFT_OPTIMIZATION_LEVEL = "-O";
				VALIDATE_PRODUCT = YES;
			};
			name = Release;
		};
		D51D6EED238CB26A00C3AD86 /* Debug */ = {
			isa = XCBuildConfiguration;
			buildSettings = {
				ASSETCATALOG_COMPILER_APPICON_NAME = AppIcon;
				CODE_SIGN_STYLE = Automatic;
				DEVELOPMENT_TEAM = 84J39QPGJ4;
				INFOPLIST_FILE = "I Am Dolphin/Info.plist";
				LD_RUNPATH_SEARCH_PATHS = (
					"$(inherited)",
					"@executable_path/Frameworks",
				);
				PRODUCT_BUNDLE_IDENTIFIER = "com.thyme.I-Am-Dolphin";
				PRODUCT_NAME = "$(TARGET_NAME)";
				SWIFT_VERSION = 5.0;
				TARGETED_DEVICE_FAMILY = "1,2";
			};
			name = Debug;
		};
		D51D6EEE238CB26A00C3AD86 /* Release */ = {
			isa = XCBuildConfiguration;
			buildSettings = {
				ASSETCATALOG_COMPILER_APPICON_NAME = AppIcon;
				CODE_SIGN_STYLE = Automatic;
				DEVELOPMENT_TEAM = 84J39QPGJ4;
				INFOPLIST_FILE = "I Am Dolphin/Info.plist";
				LD_RUNPATH_SEARCH_PATHS = (
					"$(inherited)",
					"@executable_path/Frameworks",
				);
				PRODUCT_BUNDLE_IDENTIFIER = "com.thyme.I-Am-Dolphin";
				PRODUCT_NAME = "$(TARGET_NAME)";
				SWIFT_VERSION = 5.0;
				TARGETED_DEVICE_FAMILY = "1,2";
			};
			name = Release;
		};
/* End XCBuildConfiguration section */

/* Begin XCConfigurationList section */
		D51D6ED3238CB26800C3AD86 /* Build configuration list for PBXProject "I Am Dolphin" */ = {
			isa = XCConfigurationList;
			buildConfigurations = (
				D51D6EEA238CB26A00C3AD86 /* Debug */,
				D51D6EEB238CB26A00C3AD86 /* Release */,
			);
			defaultConfigurationIsVisible = 0;
			defaultConfigurationName = Release;
		};
		D51D6EEC238CB26A00C3AD86 /* Build configuration list for PBXNativeTarget "I Am Dolphin" */ = {
			isa = XCConfigurationList;
			buildConfigurations = (
				D51D6EED238CB26A00C3AD86 /* Debug */,
				D51D6EEE238CB26A00C3AD86 /* Release */,
			);
			defaultConfigurationIsVisible = 0;
			defaultConfigurationName = Release;
		};
/* End XCConfigurationList section */
	};
	rootObject = D51D6ED0238CB26800C3AD86 /* Project object */;
}
